
Microsoft Visual Studio Solution File, Format Version 12.00
# Visual Studio Version 17
VisualStudioVersion = 17.12.35527.113 d17.12
MinimumVisualStudioVersion = 10.0.40219.1
Project("{FAE04EC0-301F-11D3-BF4B-00C04F79EFBC}") = "BookAPI", "BookAPI\BookAPI.csproj", "{F4E69D1F-B3E8-4003-A393-91CB68977F4C}"
EndProject
Project("{FAE04EC0-301F-11D3-BF4B-00C04F79EFBC}") = "DataAccessLayer", "DataAccessLayer\DataAccessLayer.csproj", "{1C9E10B2-B488-4E8D-B841-BC4AC6BB6543}"
EndProject
Project("{FAE04EC0-301F-11D3-BF4B-00C04F79EFBC}") = "BusinessLogicLayer", "BusinessLogicLayer\BusinessLogicLayer.csproj", "{66728160-55A2-4730-A94D-9432EDB841A6}"
EndProject
Global
	GlobalSection(SolutionConfigurationPlatforms) = preSolution
		Debug|Any CPU = Debug|Any CPU
		Release|Any CPU = Release|Any CPU
	EndGlobalSection
	GlobalSection(ProjectConfigurationPlatforms) = postSolution
		{F4E69D1F-B3E8-4003-A393-91CB68977F4C}.Debug|Any CPU.ActiveCfg = Debug|Any CPU
		{F4E69D1F-B3E8-4003-A393-91CB68977F4C}.Debug|Any CPU.Build.0 = Debug|Any CPU
		{F4E69D1F-B3E8-4003-A393-91CB68977F4C}.Release|Any CPU.ActiveCfg = Release|Any CPU
		{F4E69D1F-B3E8-4003-A393-91CB68977F4C}.Release|Any CPU.Build.0 = Release|Any CPU
		{1C9E10B2-B488-4E8D-B841-BC4AC6BB6543}.Debug|Any CPU.ActiveCfg = Debug|Any CPU
		{1C9E10B2-B488-4E8D-B841-BC4AC6BB6543}.Debug|Any CPU.Build.0 = Debug|Any CPU
		{1C9E10B2-B488-4E8D-B841-BC4AC6BB6543}.Release|Any CPU.ActiveCfg = Release|Any CPU
		{1C9E10B2-B488-4E8D-B841-BC4AC6BB6543}.Release|Any CPU.Build.0 = Release|Any CPU
		{66728160-55A2-4730-A94D-9432EDB841A6}.Debug|Any CPU.ActiveCfg = Debug|Any CPU
		{66728160-55A2-4730-A94D-9432EDB841A6}.Debug|Any CPU.Build.0 = Debug|Any CPU
		{66728160-55A2-4730-A94D-9432EDB841A6}.Release|Any CPU.ActiveCfg = Release|Any CPU
		{66728160-55A2-4730-A94D-9432EDB841A6}.Release|Any CPU.Build.0 = Release|Any CPU
	EndGlobalSection
	GlobalSection(SolutionProperties) = preSolution
		HideSolutionNode = FALSE
	EndGlobalSection
EndGlobal
